
Microsoft Visual Studio Solution File, Format Version 12.00
# Visual Studio 2012
Project("{FAE04EC0-301F-11D3-BF4B-00C04F79EFBC}") = "POP3", "POP3\POP3.csproj", "{F8F323A6-A268-47B3-BF6B-83772829DB3A}"
EndProject
Global
	GlobalSection(SolutionConfigurationPlatforms) = preSolution
		Debug|x86 = Debug|x86
		Release|x86 = Release|x86
	EndGlobalSection
	GlobalSection(ProjectConfigurationPlatforms) = postSolution
		{F8F323A6-A268-47B3-BF6B-83772829DB3A}.Debug|x86.ActiveCfg = Debug|x86
		{F8F323A6-A268-47B3-BF6B-83772829DB3A}.Debug|x86.Build.0 = Debug|x86
		{F8F323A6-A268-47B3-BF6B-83772829DB3A}.Release|x86.ActiveCfg = Release|x86
		{F8F323A6-A268-47B3-BF6B-83772829DB3A}.Release|x86.Build.0 = Release|x86
	EndGlobalSection
	GlobalSection(MonoDevelopProperties) = preSolution
		StartupItem = POP3\POP3.csproj
	EndGlobalSection
EndGlobal
